
Microsoft Visual Studio Solution File, Format Version 12.00
# Visual Studio Version 17
VisualStudioVersion = 17.8.34330.188
MinimumVisualStudioVersion = 10.0.40219.1
Project("{FAE04EC0-301F-11D3-BF4B-00C04F79EFBC}") = "Versatile Binary Tree Library", "Versatile Binary Tree Library\Versatile Binary Tree Library.csproj", "{F8DA8754-749A-435B-AFA7-9F093E8B7677}"
EndProject
Global
	GlobalSection(SolutionConfigurationPlatforms) = preSolution
		Debug|Any CPU = Debug|Any CPU
		Release|Any CPU = Release|Any CPU
	EndGlobalSection
	GlobalSection(ProjectConfigurationPlatforms) = postSolution
		{F8DA8754-749A-435B-AFA7-9F093E8B7677}.Debug|Any CPU.ActiveCfg = Debug|Any CPU
		{F8DA8754-749A-435B-AFA7-9F093E8B7677}.Debug|Any CPU.Build.0 = Debug|Any CPU
		{F8DA8754-749A-435B-AFA7-9F093E8B7677}.Release|Any CPU.ActiveCfg = Release|Any CPU
		{F8DA8754-749A-435B-AFA7-9F093E8B7677}.Release|Any CPU.Build.0 = Release|Any CPU
	EndGlobalSection
	GlobalSection(SolutionProperties) = preSolution
		HideSolutionNode = FALSE
	EndGlobalSection
	GlobalSection(ExtensibilityGlobals) = postSolution
		SolutionGuid = {57210A10-B524-4756-9918-25C1252BFA28}
	EndGlobalSection
EndGlobal
